
Microsoft Visual Studio Solution File, Format Version 12.00
# Visual Studio Version 16
VisualStudioVersion = 16.0.31911.196
MinimumVisualStudioVersion = 10.0.40219.1
Project("{FAE04EC0-301F-11D3-BF4B-00C04F79EFBC}") = "HomeLoanApply", "HomeLoanApply\HomeLoanApply.csproj", "{DFE42F65-377B-4F23-A0FA-895AB83C9C2F}"
EndProject
Global
	GlobalSection(SolutionConfigurationPlatforms) = preSolution
		Debug|Any CPU = Debug|Any CPU
		Release|Any CPU = Release|Any CPU
	EndGlobalSection
	GlobalSection(ProjectConfigurationPlatforms) = postSolution
		{DFE42F65-377B-4F23-A0FA-895AB83C9C2F}.Debug|Any CPU.ActiveCfg = Debug|Any CPU
		{DFE42F65-377B-4F23-A0FA-895AB83C9C2F}.Debug|Any CPU.Build.0 = Debug|Any CPU
		{DFE42F65-377B-4F23-A0FA-895AB83C9C2F}.Release|Any CPU.ActiveCfg = Release|Any CPU
		{DFE42F65-377B-4F23-A0FA-895AB83C9C2F}.Release|Any CPU.Build.0 = Release|Any CPU
	EndGlobalSection
	GlobalSection(SolutionProperties) = preSolution
		HideSolutionNode = FALSE
	EndGlobalSection
	GlobalSection(ExtensibilityGlobals) = postSolution
		SolutionGuid = {78D6A21B-3C3C-4577-BBC2-CD2761896F98}
	EndGlobalSection
EndGlobal
